
Microsoft Visual Studio Solution File, Format Version 12.00
# Visual Studio Version 17
VisualStudioVersion = 17.9.34616.47
MinimumVisualStudioVersion = 10.0.40219.1
Project("{FAE04EC0-301F-11D3-BF4B-00C04F79EFBC}") = "statebased", "statebased.csproj", "{6935A865-89F6-478A-A545-9486B06947D6}"
EndProject
Global
	GlobalSection(SolutionConfigurationPlatforms) = preSolution
		Debug|Any CPU = Debug|Any CPU
		Release|Any CPU = Release|Any CPU
	EndGlobalSection
	GlobalSection(ProjectConfigurationPlatforms) = postSolution
		{6935A865-89F6-478A-A545-9486B06947D6}.Debug|Any CPU.ActiveCfg = Debug|Any CPU
		{6935A865-89F6-478A-A545-9486B06947D6}.Debug|Any CPU.Build.0 = Debug|Any CPU
		{6935A865-89F6-478A-A545-9486B06947D6}.Release|Any CPU.ActiveCfg = Release|Any CPU
		{6935A865-89F6-478A-A545-9486B06947D6}.Release|Any CPU.Build.0 = Release|Any CPU
	EndGlobalSection
	GlobalSection(SolutionProperties) = preSolution
		HideSolutionNode = FALSE
	EndGlobalSection
	GlobalSection(ExtensibilityGlobals) = postSolution
		SolutionGuid = {59B7CB36-EFB7-4023-B1BC-31E5B2655A1D}
	EndGlobalSection
EndGlobal
