
Microsoft Visual Studio Solution File, Format Version 12.00
# Visual Studio Version 17
VisualStudioVersion = 17.9.34616.47
MinimumVisualStudioVersion = 10.0.40219.1
Project("{FAE04EC0-301F-11D3-BF4B-00C04F79EFBC}") = "latihan06", "latihan06.csproj", "{6616715A-F204-4A46-9D54-83C155F4FE89}"
EndProject
Global
	GlobalSection(SolutionConfigurationPlatforms) = preSolution
		Debug|Any CPU = Debug|Any CPU
		Release|Any CPU = Release|Any CPU
	EndGlobalSection
	GlobalSection(ProjectConfigurationPlatforms) = postSolution
		{6616715A-F204-4A46-9D54-83C155F4FE89}.Debug|Any CPU.ActiveCfg = Debug|Any CPU
		{6616715A-F204-4A46-9D54-83C155F4FE89}.Debug|Any CPU.Build.0 = Debug|Any CPU
		{6616715A-F204-4A46-9D54-83C155F4FE89}.Release|Any CPU.ActiveCfg = Release|Any CPU
		{6616715A-F204-4A46-9D54-83C155F4FE89}.Release|Any CPU.Build.0 = Release|Any CPU
	EndGlobalSection
	GlobalSection(SolutionProperties) = preSolution
		HideSolutionNode = FALSE
	EndGlobalSection
	GlobalSection(ExtensibilityGlobals) = postSolution
		SolutionGuid = {09B07E7A-D97D-4224-ADFE-AF284A675F42}
	EndGlobalSection
EndGlobal
